
Microsoft Visual Studio Solution File, Format Version 12.00
# Visual Studio Version 17
VisualStudioVersion = 17.2.32616.157
MinimumVisualStudioVersion = 10.0.40219.1
Project("{FAE04EC0-301F-11D3-BF4B-00C04F79EFBC}") = "Aufgabe_02a", "Aufgabe_02a\Aufgabe_02a.csproj", "{B43F5325-52D4-4E45-8480-FD960BF74118}"
EndProject
Global
	GlobalSection(SolutionConfigurationPlatforms) = preSolution
		Debug|Any CPU = Debug|Any CPU
		Release|Any CPU = Release|Any CPU
	EndGlobalSection
	GlobalSection(ProjectConfigurationPlatforms) = postSolution
		{B43F5325-52D4-4E45-8480-FD960BF74118}.Debug|Any CPU.ActiveCfg = Debug|Any CPU
		{B43F5325-52D4-4E45-8480-FD960BF74118}.Debug|Any CPU.Build.0 = Debug|Any CPU
		{B43F5325-52D4-4E45-8480-FD960BF74118}.Release|Any CPU.ActiveCfg = Release|Any CPU
		{B43F5325-52D4-4E45-8480-FD960BF74118}.Release|Any CPU.Build.0 = Release|Any CPU
	EndGlobalSection
	GlobalSection(SolutionProperties) = preSolution
		HideSolutionNode = FALSE
	EndGlobalSection
	GlobalSection(ExtensibilityGlobals) = postSolution
		SolutionGuid = {81B2335C-FF9E-46E3-ACF3-207773AEA310}
	EndGlobalSection
EndGlobal
