
Microsoft Visual Studio Solution File, Format Version 12.00
# Visual Studio Version 17
VisualStudioVersion = 17.2.32616.157
MinimumVisualStudioVersion = 10.0.40219.1
Project("{FAE04EC0-301F-11D3-BF4B-00C04F79EFBC}") = "Aufagbe_06", "Aufagbe_06\Aufagbe_06.csproj", "{FF804E26-8B0E-4CD3-9A86-A1A17FC894E8}"
EndProject
Global
	GlobalSection(SolutionConfigurationPlatforms) = preSolution
		Debug|Any CPU = Debug|Any CPU
		Release|Any CPU = Release|Any CPU
	EndGlobalSection
	GlobalSection(ProjectConfigurationPlatforms) = postSolution
		{FF804E26-8B0E-4CD3-9A86-A1A17FC894E8}.Debug|Any CPU.ActiveCfg = Debug|Any CPU
		{FF804E26-8B0E-4CD3-9A86-A1A17FC894E8}.Debug|Any CPU.Build.0 = Debug|Any CPU
		{FF804E26-8B0E-4CD3-9A86-A1A17FC894E8}.Release|Any CPU.ActiveCfg = Release|Any CPU
		{FF804E26-8B0E-4CD3-9A86-A1A17FC894E8}.Release|Any CPU.Build.0 = Release|Any CPU
	EndGlobalSection
	GlobalSection(SolutionProperties) = preSolution
		HideSolutionNode = FALSE
	EndGlobalSection
	GlobalSection(ExtensibilityGlobals) = postSolution
		SolutionGuid = {A74BF38E-761E-47EF-A5D9-798711BFE202}
	EndGlobalSection
EndGlobal
